
Microsoft Visual Studio Solution File, Format Version 12.00
# Visual Studio Version 16
VisualStudioVersion = 25.0.1706.11
MinimumVisualStudioVersion = 10.0.40219.1
Project("{FAE04EC0-301F-11D3-BF4B-00C04F79EFBC}") = "IterationStatements", "IterationStatements\IterationStatements.csproj", "{7C2CAF19-E95B-4FC1-9129-8B4880240A19}"
EndProject
Global
	GlobalSection(SolutionConfigurationPlatforms) = preSolution
		Debug|Any CPU = Debug|Any CPU
		Release|Any CPU = Release|Any CPU
	EndGlobalSection
	GlobalSection(ProjectConfigurationPlatforms) = postSolution
		{7C2CAF19-E95B-4FC1-9129-8B4880240A19}.Debug|Any CPU.ActiveCfg = Debug|Any CPU
		{7C2CAF19-E95B-4FC1-9129-8B4880240A19}.Debug|Any CPU.Build.0 = Debug|Any CPU
		{7C2CAF19-E95B-4FC1-9129-8B4880240A19}.Release|Any CPU.ActiveCfg = Release|Any CPU
		{7C2CAF19-E95B-4FC1-9129-8B4880240A19}.Release|Any CPU.Build.0 = Release|Any CPU
	EndGlobalSection
	GlobalSection(SolutionProperties) = preSolution
		HideSolutionNode = FALSE
	EndGlobalSection
	GlobalSection(ExtensibilityGlobals) = postSolution
		SolutionGuid = {4BF0BC93-EFA7-4F4D-A4AB-856B0726DA8F}
	EndGlobalSection
EndGlobal
